{
  "lockfileVersion": 1,
  "configVersion": 0,
  "workspaces": {
    "": {
      "name": "@rackula/api",
      "dependencies": {
        "@node-rs/argon2": "^2.0.2",
        "better-auth": "^1.6.2",
        "hono": "^4.12.14",
        "js-yaml": "^4.1.1",
        "zod": "^3.24.1",
      },
      "devDependencies": {
        "@types/bun": "^1.2.21",
        "@types/js-yaml": "^4.0.9",
        "typescript": "^5.8.3",
      },
    },
  },
  "overrides": {
    "@hono/node-server": "^1.19.10",
    "hono": "^4.12.14",
  },
  "packages": {
    "@better-auth/core": ["@better-auth/core@1.6.11", "", { "dependencies": { "@opentelemetry/semantic-conventions": "^1.39.0", "@standard-schema/spec": "^1.1.0", "zod": "^4.3.6" }, "peerDependencies": { "@better-auth/utils": "0.4.0", "@better-fetch/fetch": "1.1.21", "@cloudflare/workers-types": ">=4", "@opentelemetry/api": "^1.9.0", "better-call": "1.3.5", "jose": "^6.1.0", "kysely": "^0.28.5", "nanostores": "^1.0.1" }, "optionalPeers": ["@cloudflare/workers-types", "@opentelemetry/api"] }, "sha512-LrwidLCV8azdMGjvtwp30nj9tIv1BwI3VhtC0UaGSjQkAVWw4bN42I8qwbxRziPeSQoj+zUVkOpxZzAWBDARtQ=="],

    "@better-auth/drizzle-adapter": ["@better-auth/drizzle-adapter@1.6.11", "", { "peerDependencies": { "@better-auth/core": "^1.6.11", "@better-auth/utils": "0.4.0", "drizzle-orm": "^0.45.2" }, "optionalPeers": ["drizzle-orm"] }, "sha512-4jpkETIGZOHCf7BK4jnu22fdN6jjomH0/HhEzkaWy3+Eppi5PYlHTF/460jrTmA3Xc+Vqwp9t282ymHiEPypGw=="],

    "@better-auth/kysely-adapter": ["@better-auth/kysely-adapter@1.6.11", "", { "peerDependencies": { "@better-auth/core": "^1.6.11", "@better-auth/utils": "0.4.0", "kysely": "^0.28.17" }, "optionalPeers": ["kysely"] }, "sha512-/g8M9RfIjdcZDnbstSUvQiINkvdNlCeZr248zwqx2/PVksQI1MhQofbzUn3RnQnbPKp0EPwpX/dR3oudRFenUg=="],

    "@better-auth/memory-adapter": ["@better-auth/memory-adapter@1.6.11", "", { "peerDependencies": { "@better-auth/core": "^1.6.11", "@better-auth/utils": "0.4.0" } }, "sha512-hpdfw0BBf8MuzLkIdmbcUZICbY9r/bhLO2RxSnkzT5+/O+0I0u2I8+m0YUP7vNllP/ZCKASHOYgXPLO75Z0f9Q=="],

    "@better-auth/mongo-adapter": ["@better-auth/mongo-adapter@1.6.11", "", { "peerDependencies": { "@better-auth/core": "^1.6.11", "@better-auth/utils": "0.4.0", "mongodb": "^6.0.0 || ^7.0.0" }, "optionalPeers": ["mongodb"] }, "sha512-3Tor8rSv8vSEIMEaV2PFpPEuVhqc1gNoZ6eGvoh3LwExXXuj8madew6ob+H1pH7Aphn3Ar5PQ08AguT8TbwFAA=="],

    "@better-auth/prisma-adapter": ["@better-auth/prisma-adapter@1.6.11", "", { "peerDependencies": { "@better-auth/core": "^1.6.11", "@better-auth/utils": "0.4.0", "@prisma/client": "^5.0.0 || ^6.0.0 || ^7.0.0", "prisma": "^5.0.0 || ^6.0.0 || ^7.0.0" }, "optionalPeers": ["@prisma/client", "prisma"] }, "sha512-Pw+7q7zTp+VSci1V+CYMvuxIbAeVMZLe4lRo46LJoAKMHfjFl5T/ycsyFvWs/DkWC7n9gZZzRDEbHp0I5FiKKw=="],

    "@better-auth/telemetry": ["@better-auth/telemetry@1.6.11", "", { "peerDependencies": { "@better-auth/core": "^1.6.11", "@better-auth/utils": "0.4.0", "@better-fetch/fetch": "1.1.21" } }, "sha512-hsjDHc8MZbm6/AHeNdtywrWedXevnBjmdvnHTcZub+rTVjOv+Td0roI8USKuC6uUibmrl//2rJfVCsGbopihNA=="],

    "@better-auth/utils": ["@better-auth/utils@0.4.0", "", { "dependencies": { "@noble/hashes": "^2.0.1" } }, "sha512-RpMtLUIQAEWMgdPLNVbIF5ON2mm+CH0U3rCdUCU1VyeAUui4m38DyK7/aXMLZov2YDjG684pS1D0MBllrmgjQA=="],

    "@better-fetch/fetch": ["@better-fetch/fetch@1.1.21", "", {}, "sha512-/ImESw0sskqlVR94jB+5+Pxjf+xBwDZF/N5+y2/q4EqD7IARUTSpPfIo8uf39SYpCxyOCtbyYpUrZ3F/k0zT4A=="],

    "@emnapi/core": ["@emnapi/core@1.8.1", "", { "dependencies": { "@emnapi/wasi-threads": "1.1.0", "tslib": "^2.4.0" } }, "sha512-AvT9QFpxK0Zd8J0jopedNm+w/2fIzvtPKPjqyw9jwvBaReTTqPBk9Hixaz7KbjimP+QNz605/XnjFcDAL2pqBg=="],

    "@emnapi/runtime": ["@emnapi/runtime@1.8.1", "", { "dependencies": { "tslib": "^2.4.0" } }, "sha512-mehfKSMWjjNol8659Z8KxEMrdSJDDot5SXMq00dM8BN4o+CLNXQ0xH2V7EchNHV4RmbZLmmPdEaXZc5H2FXmDg=="],

    "@emnapi/wasi-threads": ["@emnapi/wasi-threads@1.1.0", "", { "dependencies": { "tslib": "^2.4.0" } }, "sha512-WI0DdZ8xFSbgMjR1sFsKABJ/C5OnRrjT06JXbZKexJGrDuPTzZdDYfFlsgcCXCyf+suG5QU2e/y1Wo2V/OapLQ=="],

    "@napi-rs/wasm-runtime": ["@napi-rs/wasm-runtime@0.2.12", "", { "dependencies": { "@emnapi/core": "^1.4.3", "@emnapi/runtime": "^1.4.3", "@tybys/wasm-util": "^0.10.0" } }, "sha512-ZVWUcfwY4E/yPitQJl481FjFo3K22D6qF0DuFH6Y/nbnE11GY5uguDxZMGXPQ8WQ0128MXQD7TnfHyK4oWoIJQ=="],

    "@noble/ciphers": ["@noble/ciphers@2.1.1", "", {}, "sha512-bysYuiVfhxNJuldNXlFEitTVdNnYUc+XNJZd7Qm2a5j1vZHgY+fazadNFWFaMK/2vye0JVlxV3gHmC0WDfAOQw=="],

    "@noble/hashes": ["@noble/hashes@2.0.1", "", {}, "sha512-XlOlEbQcE9fmuXxrVTXCTlG2nlRXa9Rj3rr5Ue/+tX+nmkgbX720YHh0VR3hBF9xDvwnb8D2shVGOwNx+ulArw=="],

    "@node-rs/argon2": ["@node-rs/argon2@2.0.2", "", { "optionalDependencies": { "@node-rs/argon2-android-arm-eabi": "2.0.2", "@node-rs/argon2-android-arm64": "2.0.2", "@node-rs/argon2-darwin-arm64": "2.0.2", "@node-rs/argon2-darwin-x64": "2.0.2", "@node-rs/argon2-freebsd-x64": "2.0.2", "@node-rs/argon2-linux-arm-gnueabihf": "2.0.2", "@node-rs/argon2-linux-arm64-gnu": "2.0.2", "@node-rs/argon2-linux-arm64-musl": "2.0.2", "@node-rs/argon2-linux-x64-gnu": "2.0.2", "@node-rs/argon2-linux-x64-musl": "2.0.2", "@node-rs/argon2-wasm32-wasi": "2.0.2", "@node-rs/argon2-win32-arm64-msvc": "2.0.2", "@node-rs/argon2-win32-ia32-msvc": "2.0.2", "@node-rs/argon2-win32-x64-msvc": "2.0.2" } }, "sha512-t64wIsPEtNd4aUPuTAyeL2ubxATCBGmeluaKXEMAFk/8w6AJIVVkeLKMBpgLW6LU2t5cQxT+env/c6jxbtTQBg=="],

    "@node-rs/argon2-android-arm-eabi": ["@node-rs/argon2-android-arm-eabi@2.0.2", "", { "os": "android", "cpu": "arm" }, "sha512-DV/H8p/jt40lrao5z5g6nM9dPNPGEHL+aK6Iy/og+dbL503Uj0AHLqj1Hk9aVUSCNnsDdUEKp4TVMi0YakDYKw=="],

    "@node-rs/argon2-android-arm64": ["@node-rs/argon2-android-arm64@2.0.2", "", { "os": "android", "cpu": "arm64" }, "sha512-1LKwskau+8O1ktKx7TbK7jx1oMOMt4YEXZOdSNIar1TQKxm6isZ0cRXgHLibPHEcNHgYRsJWDE9zvDGBB17QDg=="],

    "@node-rs/argon2-darwin-arm64": ["@node-rs/argon2-darwin-arm64@2.0.2", "", { "os": "darwin", "cpu": "arm64" }, "sha512-3TTNL/7wbcpNju5YcqUrCgXnXUSbD7ogeAKatzBVHsbpjZQbNb1NDxDjqqrWoTt6XL3z9mJUMGwbAk7zQltHtA=="],

    "@node-rs/argon2-darwin-x64": ["@node-rs/argon2-darwin-x64@2.0.2", "", { "os": "darwin", "cpu": "x64" }, "sha512-vNPfkLj5Ij5111UTiYuwgxMqE7DRbOS2y58O2DIySzSHbcnu+nipmRKg+P0doRq6eKIJStyBK8dQi5Ic8pFyDw=="],

    "@node-rs/argon2-freebsd-x64": ["@node-rs/argon2-freebsd-x64@2.0.2", "", { "os": "freebsd", "cpu": "x64" }, "sha512-M8vQZk01qojQfCqQU0/O1j1a4zPPrz93zc9fSINY7Q/6RhQRBCYwDw7ltDCZXg5JRGlSaeS8cUXWyhPGar3cGg=="],

    "@node-rs/argon2-linux-arm-gnueabihf": ["@node-rs/argon2-linux-arm-gnueabihf@2.0.2", "", { "os": "linux", "cpu": "arm" }, "sha512-7EmmEPHLzcu0G2GDh30L6G48CH38roFC2dqlQJmtRCxs6no3tTE/pvgBGatTp/o2n2oyOJcfmgndVFcUpwMnww=="],

    "@node-rs/argon2-linux-arm64-gnu": ["@node-rs/argon2-linux-arm64-gnu@2.0.2", "", { "os": "linux", "cpu": "arm64" }, "sha512-6lsYh3Ftbk+HAIZ7wNuRF4SZDtxtFTfK+HYFAQQyW7Ig3LHqasqwfUKRXVSV5tJ+xTnxjqgKzvZSUJCAyIfHew=="],

    "@node-rs/argon2-linux-arm64-musl": ["@node-rs/argon2-linux-arm64-musl@2.0.2", "", { "os": "linux", "cpu": "arm64" }, "sha512-p3YqVMNT/4DNR67tIHTYGbedYmXxW9QlFmF39SkXyEbGQwpgSf6pH457/fyXBIYznTU/smnG9EH+C1uzT5j4hA=="],

    "@node-rs/argon2-linux-x64-gnu": ["@node-rs/argon2-linux-x64-gnu@2.0.2", "", { "os": "linux", "cpu": "x64" }, "sha512-ZM3jrHuJ0dKOhvA80gKJqBpBRmTJTFSo2+xVZR+phQcbAKRlDMSZMFDiKbSTnctkfwNFtjgDdh5g1vaEV04AvA=="],

    "@node-rs/argon2-linux-x64-musl": ["@node-rs/argon2-linux-x64-musl@2.0.2", "", { "os": "linux", "cpu": "x64" }, "sha512-of5uPqk7oCRF/44a89YlWTEfjsftPywyTULwuFDKyD8QtVZoonrJR6ZWvfFE/6jBT68S0okAkAzzMEdBVWdxWw=="],

    "@node-rs/argon2-wasm32-wasi": ["@node-rs/argon2-wasm32-wasi@2.0.2", "", { "dependencies": { "@napi-rs/wasm-runtime": "^0.2.5" }, "cpu": "none" }, "sha512-U3PzLYKSQYzTERstgtHLd4ZTkOF9co57zTXT77r0cVUsleGZOrd6ut7rHzeWwoJSiHOVxxa0OhG1JVQeB7lLoQ=="],

    "@node-rs/argon2-win32-arm64-msvc": ["@node-rs/argon2-win32-arm64-msvc@2.0.2", "", { "os": "win32", "cpu": "arm64" }, "sha512-Eisd7/NM0m23ijrGr6xI2iMocdOuyl6gO27gfMfya4C5BODbUSP7ljKJ7LrA0teqZMdYHesRDzx36Js++/vhiQ=="],

    "@node-rs/argon2-win32-ia32-msvc": ["@node-rs/argon2-win32-ia32-msvc@2.0.2", "", { "os": "win32", "cpu": "ia32" }, "sha512-GsE2ezwAYwh72f9gIjbGTZOf4HxEksb5M2eCaj+Y5rGYVwAdt7C12Q2e9H5LRYxWcFvLH4m4jiSZpQQ4upnPAQ=="],

    "@node-rs/argon2-win32-x64-msvc": ["@node-rs/argon2-win32-x64-msvc@2.0.2", "", { "os": "win32", "cpu": "x64" }, "sha512-cJxWXanH4Ew9CfuZ4IAEiafpOBCe97bzoKowHCGk5lG/7kR4WF/eknnBlHW9m8q7t10mKq75kruPLtbSDqgRTw=="],

    "@opentelemetry/semantic-conventions": ["@opentelemetry/semantic-conventions@1.41.1", "", {}, "sha512-/UhIkaZgPutTFmQ7RnIJGgDXZmtEJ7Dvi86xNTFWcnRxVRNk/aotsqDJYeEvDP+FSMB2SdW+pQzNMcWP0rwuNA=="],

    "@standard-schema/spec": ["@standard-schema/spec@1.1.0", "", {}, "sha512-l2aFy5jALhniG5HgqrD6jXLi/rUWrKvqN/qJx6yoJsgKhblVd+iqqU4RCXavm/jPityDo5TCvKMnpjKnOriy0w=="],

    "@tybys/wasm-util": ["@tybys/wasm-util@0.10.1", "", { "dependencies": { "tslib": "^2.4.0" } }, "sha512-9tTaPJLSiejZKx+Bmog4uSubteqTvFrVrURwkmHixBo0G4seD0zUxp98E1DzUBJxLQ3NPwXrGKDiVjwx/DpPsg=="],

    "@types/bun": ["@types/bun@1.3.8", "", { "dependencies": { "bun-types": "1.3.8" } }, "sha512-3LvWJ2q5GerAXYxO2mffLTqOzEu5qnhEAlh48Vnu8WQfnmSwbgagjGZV6BoHKJztENYEDn6QmVd949W4uESRJA=="],

    "@types/js-yaml": ["@types/js-yaml@4.0.9", "", {}, "sha512-k4MGaQl5TGo/iipqb2UDG2UwjXziSWkh0uysQelTlJpX1qGlpUZYm8PnO4DxG1qBomtJUdYJ6qR6xdIah10JLg=="],

    "@types/node": ["@types/node@25.1.0", "", { "dependencies": { "undici-types": "~7.16.0" } }, "sha512-t7frlewr6+cbx+9Ohpl0NOTKXZNV9xHRmNOvql47BFJKcEG1CxtxlPEEe+gR9uhVWM4DwhnvTF110mIL4yP9RA=="],

    "argparse": ["argparse@2.0.1", "", {}, "sha512-8+9WqebbFzpX9OR+Wa6O29asIogeRMzcGtAINdpMHHyAg10f05aSFVBbcEqGf/PXw1EjAZ+q2/bEBg3DvurK3Q=="],

    "better-auth": ["better-auth@1.6.11", "", { "dependencies": { "@better-auth/core": "1.6.11", "@better-auth/drizzle-adapter": "1.6.11", "@better-auth/kysely-adapter": "1.6.11", "@better-auth/memory-adapter": "1.6.11", "@better-auth/mongo-adapter": "1.6.11", "@better-auth/prisma-adapter": "1.6.11", "@better-auth/telemetry": "1.6.11", "@better-auth/utils": "0.4.0", "@better-fetch/fetch": "1.1.21", "@noble/ciphers": "^2.1.1", "@noble/hashes": "^2.0.1", "better-call": "1.3.5", "defu": "^6.1.4", "jose": "^6.1.3", "kysely": "^0.28.17", "nanostores": "^1.1.1", "zod": "^4.3.6" }, "peerDependencies": { "@lynx-js/react": "*", "@prisma/client": "^5.0.0 || ^6.0.0 || ^7.0.0", "@sveltejs/kit": "^2.0.0", "@tanstack/react-start": "^1.0.0", "@tanstack/solid-start": "^1.0.0", "better-sqlite3": "^12.0.0", "drizzle-kit": ">=0.31.4", "drizzle-orm": "^0.45.2", "mongodb": "^6.0.0 || ^7.0.0", "mysql2": "^3.0.0", "next": "^14.0.0 || ^15.0.0 || ^16.0.0", "pg": "^8.0.0", "prisma": "^5.0.0 || ^6.0.0 || ^7.0.0", "react": "^18.0.0 || ^19.0.0", "react-dom": "^18.0.0 || ^19.0.0", "solid-js": "^1.0.0", "svelte": "^4.0.0 || ^5.0.0", "vitest": "^2.0.0 || ^3.0.0 || ^4.0.0", "vue": "^3.0.0" }, "optionalPeers": ["@lynx-js/react", "@prisma/client", "@sveltejs/kit", "@tanstack/react-start", "@tanstack/solid-start", "better-sqlite3", "drizzle-kit", "drizzle-orm", "mongodb", "mysql2", "next", "pg", "prisma", "react", "react-dom", "solid-js", "svelte", "vitest", "vue"] }, "sha512-Wwt6+q07dwIhsp6XiM7L1qSXVUWBEtNl+eZvwM778CguFqDZFBN9Pt6LtFaHl55t8Z+Zc//5kxcbgDY8/79vFQ=="],

    "better-call": ["better-call@1.3.5", "", { "dependencies": { "@better-auth/utils": "^0.4.0", "@better-fetch/fetch": "^1.1.21", "rou3": "^0.7.12", "set-cookie-parser": "^3.0.1" }, "peerDependencies": { "zod": "^4.0.0" }, "optionalPeers": ["zod"] }, "sha512-kOFJkBP7utAQLEYrobZm3vkTH8mXq5GNgvjc5/XEST1ilVHaxXUXfeDeFlqoETMtyqS4+3/h4ONX2i++ebZrvA=="],

    "bun-types": ["bun-types@1.3.8", "", { "dependencies": { "@types/node": "*" } }, "sha512-fL99nxdOWvV4LqjmC+8Q9kW3M4QTtTR1eePs94v5ctGqU8OeceWrSUaRw3JYb7tU3FkMIAjkueehrHPPPGKi5Q=="],

    "defu": ["defu@6.1.4", "", {}, "sha512-mEQCMmwJu317oSz8CwdIOdwf3xMif1ttiM8LTufzc3g6kR+9Pe236twL8j3IYT1F7GfRgGcW6MWxzZjLIkuHIg=="],

    "hono": ["hono@4.12.14", "", {}, "sha512-am5zfg3yu6sqn5yjKBNqhnTX7Cv+m00ox+7jbaKkrLMRJ4rAdldd1xPd/JzbBWspqaQv6RSTrgFN95EsfhC+7w=="],

    "jose": ["jose@6.1.3", "", {}, "sha512-0TpaTfihd4QMNwrz/ob2Bp7X04yuxJkjRGi4aKmOqwhov54i6u79oCv7T+C7lo70MKH6BesI3vscD1yb/yzKXQ=="],

    "js-yaml": ["js-yaml@4.1.1", "", { "dependencies": { "argparse": "^2.0.1" }, "bin": "bin/js-yaml.js" }, "sha512-qQKT4zQxXl8lLwBtHMWwaTcGfFOZviOJet3Oy/xmGk2gZH677CJM9EvtfdSkgWcATZhj/55JZ0rmy3myCT5lsA=="],

    "kysely": ["kysely@0.28.17", "", {}, "sha512-nbD8lB9EB3wNdMhOCdx5Li8DxnLbvKByylRLcJ1h+4SkrowVeECAyZlyiKMThF7xFdRz0jSQ2MoJr+wXux2y0Q=="],

    "nanostores": ["nanostores@1.1.1", "", {}, "sha512-EYJqS25r2iBeTtGQCHidXl1VfZ1jXM7Q04zXJOrMlxVVmD0ptxJaNux92n1mJ7c5lN3zTq12MhH/8x59nP+qmg=="],

    "rou3": ["rou3@0.7.12", "", {}, "sha512-iFE4hLDuloSWcD7mjdCDhx2bKcIsYbtOTpfH5MHHLSKMOUyjqQXTeZVa289uuwEGEKFoE/BAPbhaU4B774nceg=="],

    "set-cookie-parser": ["set-cookie-parser@3.0.1", "", {}, "sha512-n7Z7dXZhJbwuAHhNzkTti6Aw9QDDjZtm3JTpTGATIdNzdQz5GuFs22w90BcvF4INfnrL5xrX3oGsuqO5Dx3A1Q=="],

    "tslib": ["tslib@2.8.1", "", {}, "sha512-oJFu94HQb+KVduSUQL7wnpmqnfmLsOA/nAh6b6EH0wCEoK0/mPeXU6c3wKDV83MkOuHPRHtSXKKU99IBazS/2w=="],

    "typescript": ["typescript@5.9.3", "", { "bin": { "tsc": "bin/tsc", "tsserver": "bin/tsserver" } }, "sha512-jl1vZzPDinLr9eUt3J/t7V6FgNEw9QjvBPdysz9KfQDD41fQrC2Y4vKQdiaUpFT4bXlb1RHhLpp8wtm6M5TgSw=="],

    "undici-types": ["undici-types@7.16.0", "", {}, "sha512-Zz+aZWSj8LE6zoxD+xrjh4VfkIG8Ya6LvYkZqtUQGJPZjYl53ypCaUwWqo7eI0x66KBGeRo+mlBEkMSeSZ38Nw=="],

    "zod": ["zod@3.25.76", "", {}, "sha512-gzUt/qt81nXsFGKIFcC3YnfEAx5NkunCfnDlvuBSSFS02bcXu4Lmea0AFIUwbLWxWPx3d9p8S5QoaujKcNQxcQ=="],

    "@better-auth/core/zod": ["zod@4.3.6", "", {}, "sha512-rftlrkhHZOcjDwkGlnUtZZkvaPHCsDATp4pGpuOOMDaTdDDXF91wuVDJoWoPsKX/3YPQ5fHuF3STjcYyKr+Qhg=="],

    "better-auth/zod": ["zod@4.3.6", "", {}, "sha512-rftlrkhHZOcjDwkGlnUtZZkvaPHCsDATp4pGpuOOMDaTdDDXF91wuVDJoWoPsKX/3YPQ5fHuF3STjcYyKr+Qhg=="],
  }
}
